
Microsoft Visual Studio Solution File, Format Version 11.00
# Visual Studio 2010
Project("{FAE04EC0-301F-11D3-BF4B-00C04F79EFBC}") = "Assembly-CSharp", "Assembly-CSharp.csproj", "{21E4F74B-9542-2036-4F16-BD3D87015F3E}"
EndProject
Project("{FAE04EC0-301F-11D3-BF4B-00C04F79EFBC}") = "Assembly-CSharp-Editor", "Assembly-CSharp-Editor.csproj", "{5AA2FE9F-DA5D-7D14-0EEB-74F36CF90F2A}"
EndProject
Global
	GlobalSection(SolutionConfigurationPlatforms) = preSolution
		Debug|Any CPU = Debug|Any CPU
		Release|Any CPU = Release|Any CPU
	EndGlobalSection
	GlobalSection(ProjectConfigurationPlatforms) = postSolution
		{21E4F74B-9542-2036-4F16-BD3D87015F3E}.Debug|Any CPU.ActiveCfg = Debug|Any CPU
		{21E4F74B-9542-2036-4F16-BD3D87015F3E}.Debug|Any CPU.Build.0 = Debug|Any CPU
		{21E4F74B-9542-2036-4F16-BD3D87015F3E}.Release|Any CPU.ActiveCfg = Release|Any CPU
		{21E4F74B-9542-2036-4F16-BD3D87015F3E}.Release|Any CPU.Build.0 = Release|Any CPU
		{5AA2FE9F-DA5D-7D14-0EEB-74F36CF90F2A}.Debug|Any CPU.ActiveCfg = Debug|Any CPU
		{5AA2FE9F-DA5D-7D14-0EEB-74F36CF90F2A}.Debug|Any CPU.Build.0 = Debug|Any CPU
		{5AA2FE9F-DA5D-7D14-0EEB-74F36CF90F2A}.Release|Any CPU.ActiveCfg = Release|Any CPU
		{5AA2FE9F-DA5D-7D14-0EEB-74F36CF90F2A}.Release|Any CPU.Build.0 = Release|Any CPU
	EndGlobalSection
	GlobalSection(SolutionProperties) = preSolution
		HideSolutionNode = FALSE
	EndGlobalSection
EndGlobal
